{
  "name": "myweb",
  "version": "1.0.0",
  "lockfileVersion": 1,
  "requires": true,
  "dependencies": {
    "echarts": {
      "version": "4.0.4",
      "resolved": "http://registry.npm.taobao.org/echarts/download/echarts-4.0.4.tgz",
      "integrity": "sha1-NqqKR9M1Q9Pf5qe8Eijdw6HkEVc=",
      "requires": {
        "zrender": "4.0.3"
      }
    },
    "lodash": {
      "version": "4.17.5",
      "resolved": "http://registry.npm.taobao.org/lodash/download/lodash-4.17.5.tgz",
      "integrity": "sha1-maktZcAnLevoyWtgV7yPv6O+1RE="
    },
    "resize-detector": {
      "version": "0.1.2",
      "resolved": "http://registry.npm.taobao.org/resize-detector/download/resize-detector-0.1.2.tgz",
      "integrity": "sha1-eu2RY973U/sAFSReKfW5PGfQYNI="
    },
    "vue-echarts": {
      "version": "3.0.3",
      "resolved": "http://registry.npm.taobao.org/vue-echarts/download/vue-echarts-3.0.3.tgz",
      "integrity": "sha1-fejRRORP99nGvIdTzHWkSHMxYoQ=",
      "requires": {
        "echarts": "4.0.4",
        "lodash": "4.17.5",
        "resize-detector": "0.1.2"
      }
    },
    "zrender": {
      "version": "4.0.3",
      "resolved": "http://registry.npm.taobao.org/zrender/download/zrender-4.0.3.tgz",
      "integrity": "sha1-gB7wARAXUKYYV/hOZMTV+zyIzKc="
    }
  }
}
